
Microsoft Visual Studio Solution File, Format Version 12.00
# Visual Studio Version 16
VisualStudioVersion = 16.0.31624.102
MinimumVisualStudioVersion = 10.0.40219.1
Project("{FAE04EC0-301F-11D3-BF4B-00C04F79EFBC}") = "variables2", "variables2\variables2.csproj", "{120BBC69-5C40-4631-A948-205927B1E34A}"
EndProject
Global
	GlobalSection(SolutionConfigurationPlatforms) = preSolution
		Debug|Any CPU = Debug|Any CPU
		Release|Any CPU = Release|Any CPU
	EndGlobalSection
	GlobalSection(ProjectConfigurationPlatforms) = postSolution
		{120BBC69-5C40-4631-A948-205927B1E34A}.Debug|Any CPU.ActiveCfg = Debug|Any CPU
		{120BBC69-5C40-4631-A948-205927B1E34A}.Debug|Any CPU.Build.0 = Debug|Any CPU
		{120BBC69-5C40-4631-A948-205927B1E34A}.Release|Any CPU.ActiveCfg = Release|Any CPU
		{120BBC69-5C40-4631-A948-205927B1E34A}.Release|Any CPU.Build.0 = Release|Any CPU
	EndGlobalSection
	GlobalSection(SolutionProperties) = preSolution
		HideSolutionNode = FALSE
	EndGlobalSection
	GlobalSection(ExtensibilityGlobals) = postSolution
		SolutionGuid = {6D5A8115-086A-4930-939D-E76E7D7A831F}
	EndGlobalSection
EndGlobal
